
Microsoft Visual Studio Solution File, Format Version 12.00
# Visual Studio Version 16
VisualStudioVersion = 16.0.30002.166
MinimumVisualStudioVersion = 10.0.40219.1
Project("{FAE04EC0-301F-11D3-BF4B-00C04F79EFBC}") = "ConfigureApps", "ConfigureApps\ConfigureApps.csproj", "{EC4785E0-3BF5-419A-914D-B2ED1F22A881}"
EndProject
Global
	GlobalSection(SolutionConfigurationPlatforms) = preSolution
		Debug|Any CPU = Debug|Any CPU
		Release|Any CPU = Release|Any CPU
	EndGlobalSection
	GlobalSection(ProjectConfigurationPlatforms) = postSolution
		{EC4785E0-3BF5-419A-914D-B2ED1F22A881}.Debug|Any CPU.ActiveCfg = Debug|Any CPU
		{EC4785E0-3BF5-419A-914D-B2ED1F22A881}.Debug|Any CPU.Build.0 = Debug|Any CPU
		{EC4785E0-3BF5-419A-914D-B2ED1F22A881}.Release|Any CPU.ActiveCfg = Release|Any CPU
		{EC4785E0-3BF5-419A-914D-B2ED1F22A881}.Release|Any CPU.Build.0 = Release|Any CPU
	EndGlobalSection
	GlobalSection(SolutionProperties) = preSolution
		HideSolutionNode = FALSE
	EndGlobalSection
	GlobalSection(ExtensibilityGlobals) = postSolution
		SolutionGuid = {C3214164-C840-401D-80DC-7F8407B191A0}
	EndGlobalSection
EndGlobal
